
Microsoft Visual Studio Solution File, Format Version 12.00
# Visual Studio 15
Project("{FAE04EC0-301F-11D3-BF4B-00C04F79EFBC}") = "Unity.XR.Interaction.Toolkit.Samples.ARStarterAssets", "Unity.XR.Interaction.Toolkit.Samples.ARStarterAssets.csproj", "{114251EC-72BC-F5D5-0FAD-0C0857F04FF1}"
EndProject
Project("{FAE04EC0-301F-11D3-BF4B-00C04F79EFBC}") = "Unity.XR.Interaction.Toolkit.Samples.StarterAssets", "Unity.XR.Interaction.Toolkit.Samples.StarterAssets.csproj", "{3D8C5A13-8FA0-2F34-B432-4B4F32850CAA}"
EndProject
Project("{FAE04EC0-301F-11D3-BF4B-00C04F79EFBC}") = "Assembly-CSharp", "Assembly-CSharp.csproj", "{F1F1F361-058F-3452-B28C-84BA6C70EDB9}"
EndProject
Project("{FAE04EC0-301F-11D3-BF4B-00C04F79EFBC}") = "Unity.XR.Interaction.Toolkit.Samples.ARStarterAssets.Editor", "Unity.XR.Interaction.Toolkit.Samples.ARStarterAssets.Editor.csproj", "{50A0831F-0DD8-B1AF-4644-27B8F507D4F6}"
EndProject
Project("{FAE04EC0-301F-11D3-BF4B-00C04F79EFBC}") = "Unity.XR.Interaction.Toolkit.Samples.StarterAssets.Editor", "Unity.XR.Interaction.Toolkit.Samples.StarterAssets.Editor.csproj", "{A758C8DE-8A23-5D92-2D01-A70F08470E85}"
EndProject
Global
	GlobalSection(SolutionConfigurationPlatforms) = preSolution
		Debug|Any CPU = Debug|Any CPU
		Release|Any CPU = Release|Any CPU
	EndGlobalSection
	GlobalSection(ProjectConfigurationPlatforms) = postSolution
		{114251EC-72BC-F5D5-0FAD-0C0857F04FF1}.Debug|Any CPU.ActiveCfg = Debug|Any CPU
		{114251EC-72BC-F5D5-0FAD-0C0857F04FF1}.Debug|Any CPU.Build.0 = Debug|Any CPU
		{114251EC-72BC-F5D5-0FAD-0C0857F04FF1}.Release|Any CPU.ActiveCfg = Release|Any CPU
		{114251EC-72BC-F5D5-0FAD-0C0857F04FF1}.Release|Any CPU.Build.0 = Release|Any CPU
		{3D8C5A13-8FA0-2F34-B432-4B4F32850CAA}.Debug|Any CPU.ActiveCfg = Debug|Any CPU
		{3D8C5A13-8FA0-2F34-B432-4B4F32850CAA}.Debug|Any CPU.Build.0 = Debug|Any CPU
		{3D8C5A13-8FA0-2F34-B432-4B4F32850CAA}.Release|Any CPU.ActiveCfg = Release|Any CPU
		{3D8C5A13-8FA0-2F34-B432-4B4F32850CAA}.Release|Any CPU.Build.0 = Release|Any CPU
		{F1F1F361-058F-3452-B28C-84BA6C70EDB9}.Debug|Any CPU.ActiveCfg = Debug|Any CPU
		{F1F1F361-058F-3452-B28C-84BA6C70EDB9}.Debug|Any CPU.Build.0 = Debug|Any CPU
		{F1F1F361-058F-3452-B28C-84BA6C70EDB9}.Release|Any CPU.ActiveCfg = Release|Any CPU
		{F1F1F361-058F-3452-B28C-84BA6C70EDB9}.Release|Any CPU.Build.0 = Release|Any CPU
		{50A0831F-0DD8-B1AF-4644-27B8F507D4F6}.Debug|Any CPU.ActiveCfg = Debug|Any CPU
		{50A0831F-0DD8-B1AF-4644-27B8F507D4F6}.Debug|Any CPU.Build.0 = Debug|Any CPU
		{50A0831F-0DD8-B1AF-4644-27B8F507D4F6}.Release|Any CPU.ActiveCfg = Release|Any CPU
		{50A0831F-0DD8-B1AF-4644-27B8F507D4F6}.Release|Any CPU.Build.0 = Release|Any CPU
		{A758C8DE-8A23-5D92-2D01-A70F08470E85}.Debug|Any CPU.ActiveCfg = Debug|Any CPU
		{A758C8DE-8A23-5D92-2D01-A70F08470E85}.Debug|Any CPU.Build.0 = Debug|Any CPU
		{A758C8DE-8A23-5D92-2D01-A70F08470E85}.Release|Any CPU.ActiveCfg = Release|Any CPU
		{A758C8DE-8A23-5D92-2D01-A70F08470E85}.Release|Any CPU.Build.0 = Release|Any CPU
	EndGlobalSection
	GlobalSection(SolutionProperties) = preSolution
		HideSolutionNode = FALSE
	EndGlobalSection
EndGlobal
